
Microsoft Visual Studio Solution File, Format Version 12.00
# Visual Studio Version 16
VisualStudioVersion = 16.0.31025.194
MinimumVisualStudioVersion = 10.0.40219.1
Project("{9A19103F-16F7-4668-BE54-9A1E7A4F7556}") = "ReverseString", "ReverseString\ReverseString.csproj", "{10E34FB2-FB01-413E-9040-900BE02A10EB}"
EndProject
Project("{9A19103F-16F7-4668-BE54-9A1E7A4F7556}") = "SumOfNumbers", "SumOfNumbers\SumOfNumbers.csproj", "{2F181191-258C-4906-BB5C-9447792433A0}"
EndProject
Project("{9A19103F-16F7-4668-BE54-9A1E7A4F7556}") = "MatchingBrackets", "MatchingBrackets\MatchingBrackets.csproj", "{D5304A76-8E10-4188-AD72-8344DA1A3125}"
EndProject
Project("{9A19103F-16F7-4668-BE54-9A1E7A4F7556}") = "HotPotato", "HotPotato\HotPotato.csproj", "{E175448A-7990-4FE2-AC4D-81290CB2AF9E}"
EndProject
Project("{9A19103F-16F7-4668-BE54-9A1E7A4F7556}") = "TrafficJam", "TrafficJam\TrafficJam.csproj", "{DEB12456-E65F-4135-B406-C4CE9C1ACBBD}"
EndProject
Project("{9A19103F-16F7-4668-BE54-9A1E7A4F7556}") = "SimpleCalculator", "SimpleCalculator\SimpleCalculator.csproj", "{9E04CEF9-3C3D-4F11-9B9D-9BA8FC97DDE4}"
EndProject
Project("{9A19103F-16F7-4668-BE54-9A1E7A4F7556}") = "PrintEvenNumbers", "PrintEvenNumbers\PrintEvenNumbers.csproj", "{620FD59D-768F-44C3-86A2-C03F9611358E}"
EndProject
Project("{9A19103F-16F7-4668-BE54-9A1E7A4F7556}") = "BasicStackOperations", "BasicStackOperations\BasicStackOperations.csproj", "{BAE0455D-BDC2-49DF-B2B2-70314600692D}"
EndProject
Project("{9A19103F-16F7-4668-BE54-9A1E7A4F7556}") = "BasicQueueOperations", "BasicQueueOperations\BasicQueueOperations.csproj", "{805811E2-2F3A-468B-BEB3-96025C5BA8DC}"
EndProject
Project("{9A19103F-16F7-4668-BE54-9A1E7A4F7556}") = "MaximumAndMinimumElement", "MaximumAndMinimumElement\MaximumAndMinimumElement.csproj", "{BC9C5933-EA17-48E3-A07A-A8695ED4D415}"
EndProject
Project("{9A19103F-16F7-4668-BE54-9A1E7A4F7556}") = "FastFood", "FastFood\FastFood.csproj", "{E1DA9427-D66F-46FE-9B3B-6D04CE4260A6}"
EndProject
Project("{9A19103F-16F7-4668-BE54-9A1E7A4F7556}") = "FashionBotique", "FashionBotique\FashionBotique.csproj", "{E0392E9D-D20D-4503-B82C-D2205595C321}"
EndProject
Project("{9A19103F-16F7-4668-BE54-9A1E7A4F7556}") = "SongsQueue", "SongsQueue\SongsQueue.csproj", "{FB8289B8-5EA5-4F60-8C03-26373C778689}"
EndProject
Project("{9A19103F-16F7-4668-BE54-9A1E7A4F7556}") = "TruckTour", "TruckTour\TruckTour.csproj", "{AB462313-3872-4F97-8A16-E45A5C27F516}"
EndProject
Project("{9A19103F-16F7-4668-BE54-9A1E7A4F7556}") = "BalancedParenthesis", "BalancedParenthesis\BalancedParenthesis.csproj", "{A3C87656-16EE-4727-8EB6-7784E44C73BE}"
EndProject
Project("{9A19103F-16F7-4668-BE54-9A1E7A4F7556}") = "SimpleTextEditor", "SimpleTextEditor\SimpleTextEditor.csproj", "{13860684-CE2F-4EB7-B0D1-9A1A843DCE0C}"
EndProject
Project("{9A19103F-16F7-4668-BE54-9A1E7A4F7556}") = "Crossroads", "Crossroads\Crossroads.csproj", "{C684BB1C-0967-484A-BEE6-A3F64ADCCE21}"
EndProject
Project("{9A19103F-16F7-4668-BE54-9A1E7A4F7556}") = "KeyRevolver", "KeyRevolver\KeyRevolver.csproj", "{5BF20A0E-1263-4228-B518-9AC90EE7B4F2}"
EndProject
Project("{9A19103F-16F7-4668-BE54-9A1E7A4F7556}") = "CupsAndBottles", "CupsAndBottles\CupsAndBottles.csproj", "{8314720D-9668-4DA8-8883-45B1F0E219EF}"
EndProject
Project("{9A19103F-16F7-4668-BE54-9A1E7A4F7556}") = "SumMatrixElements", "SumMatrixElements\SumMatrixElements.csproj", "{098CD0E2-51EC-4AE1-AD5A-7C4539BB10D2}"
EndProject
Project("{9A19103F-16F7-4668-BE54-9A1E7A4F7556}") = "SumMatrixColumns", "SumMatrixColumns\SumMatrixColumns.csproj", "{CC555637-47D1-4653-A12B-AA5F1906157A}"
EndProject
Project("{9A19103F-16F7-4668-BE54-9A1E7A4F7556}") = "PrimaryDiagonal", "PrimaryDiagonal\PrimaryDiagonal.csproj", "{C7DA0376-CCBB-403B-9E93-FF57272F8753}"
EndProject
Project("{9A19103F-16F7-4668-BE54-9A1E7A4F7556}") = "SymbolInMatrix", "SymbolInMatrix\SymbolInMatrix.csproj", "{54CA3643-E7E1-4CC3-92B1-FA478F3B8A5C}"
EndProject
Project("{9A19103F-16F7-4668-BE54-9A1E7A4F7556}") = "SquareWithMaximumSum", "SquareWithMaximumSum\SquareWithMaximumSum.csproj", "{5ED7678C-33DA-4C91-9B15-187439CAE67C}"
EndProject
Project("{9A19103F-16F7-4668-BE54-9A1E7A4F7556}") = "JaggedArrayModification", "JaggedArrayModification\JaggedArrayModification.csproj", "{76399541-B8AB-4D3E-966F-234596344C8D}"
EndProject
Project("{9A19103F-16F7-4668-BE54-9A1E7A4F7556}") = "PascalTriangle", "PascalTriangle\PascalTriangle.csproj", "{FE258F3F-EF20-48F1-BE6D-623A39486CAD}"
EndProject
Project("{9A19103F-16F7-4668-BE54-9A1E7A4F7556}") = "DiagonalDifference", "DiagonalDifference\DiagonalDifference.csproj", "{60C41ED0-4007-47F2-BE4B-5F41B77D97BA}"
EndProject
Project("{9A19103F-16F7-4668-BE54-9A1E7A4F7556}") = "SquaresInMatrix", "SquaresInMatrix\SquaresInMatrix.csproj", "{05E8EB3E-B13B-4C90-8513-F254E15C01ED}"
EndProject
Project("{9A19103F-16F7-4668-BE54-9A1E7A4F7556}") = "MaximalSum", "MaximalSum\MaximalSum.csproj", "{66651769-4D78-4C3D-8CCF-1EAA0FED7C63}"
EndProject
Project("{9A19103F-16F7-4668-BE54-9A1E7A4F7556}") = "MatrixShuffling", "MatrixShuffling\MatrixShuffling.csproj", "{63C7B6E6-FC38-4E31-B932-6F857CA6995B}"
EndProject
Project("{9A19103F-16F7-4668-BE54-9A1E7A4F7556}") = "SnakeMoves", "SnakeMoves\SnakeMoves.csproj", "{EFE7AD2A-DD72-49E0-B740-6D203385EAEA}"
EndProject
Project("{9A19103F-16F7-4668-BE54-9A1E7A4F7556}") = "JaggedArrayManipulator", "JaggedArrayManipulator\JaggedArrayManipulator.csproj", "{A9BB254B-1FB3-462E-9B85-E58C72C62CA5}"
EndProject
Project("{9A19103F-16F7-4668-BE54-9A1E7A4F7556}") = "KnightGame", "KnightGame\KnightGame.csproj", "{82DDCC1E-061F-4A46-8081-4562643AEC48}"
EndProject
Project("{9A19103F-16F7-4668-BE54-9A1E7A4F7556}") = "Bombs", "Bombs\Bombs.csproj", "{85E137DF-4427-4089-AB8A-C790AF9EF950}"
EndProject
Project("{9A19103F-16F7-4668-BE54-9A1E7A4F7556}") = "Miner", "Miner\Miner.csproj", "{D2DC5E81-8301-47E9-A768-106C7205CE49}"
EndProject
Project("{9A19103F-16F7-4668-BE54-9A1E7A4F7556}") = "CountSameValuesInArray", "CountSameValuesInArray\CountSameValuesInArray.csproj", "{D8B07B61-412B-430E-BAAF-D9C45DB04347}"
EndProject
Project("{9A19103F-16F7-4668-BE54-9A1E7A4F7556}") = "AverageStudentGrades", "AverageStudentGrades\AverageStudentGrades.csproj", "{D13B283D-4C1B-4FDA-816D-C938D1C50834}"
EndProject
Project("{9A19103F-16F7-4668-BE54-9A1E7A4F7556}") = "Largest3Numbers", "Largest3Numbers\Largest3Numbers.csproj", "{7B4EA7EE-1712-49A8-BF23-A1E6F2B0494A}"
EndProject
Project("{9A19103F-16F7-4668-BE54-9A1E7A4F7556}") = "ProductShop", "ProductShop\ProductShop.csproj", "{7F7779BA-3291-47FE-B209-1F481C2392E7}"
EndProject
Project("{9A19103F-16F7-4668-BE54-9A1E7A4F7556}") = "CitiesByContinentAndCountry", "CitiesByContinent AndCountry\CitiesByContinentAndCountry.csproj", "{352EA8A5-E852-4700-8174-F10DB5274815}"
EndProject
Project("{9A19103F-16F7-4668-BE54-9A1E7A4F7556}") = "RecordUniqueNames", "RecordUniqueNames\RecordUniqueNames.csproj", "{A8372E94-D9B4-4419-8C50-DF00950B3A89}"
EndProject
Project("{9A19103F-16F7-4668-BE54-9A1E7A4F7556}") = "ParkingLot", "ParkingLot\ParkingLot.csproj", "{EFEB9DE5-B52F-4224-A18B-312BE2CA9711}"
EndProject
Project("{9A19103F-16F7-4668-BE54-9A1E7A4F7556}") = "SoftUniParty", "SoftUniParty\SoftUniParty.csproj", "{DEB07320-1696-42FE-A89F-71E02C9165A0}"
EndProject
Project("{9A19103F-16F7-4668-BE54-9A1E7A4F7556}") = "UniqueUsernames", "UniqueUsernames\UniqueUsernames.csproj", "{E6CBE940-6BF9-43F2-B977-9726D2ABF12A}"
EndProject
Project("{9A19103F-16F7-4668-BE54-9A1E7A4F7556}") = "SetsOfElements", "SetsOfElements\SetsOfElements.csproj", "{D653C514-B192-4E56-9302-E64F93E940C6}"
EndProject
Project("{9A19103F-16F7-4668-BE54-9A1E7A4F7556}") = "PeriodicTable", "PeriodicTable\PeriodicTable.csproj", "{EF5C4EBA-6A20-4AA2-B595-D3BB2300BE3B}"
EndProject
Project("{9A19103F-16F7-4668-BE54-9A1E7A4F7556}") = "EvenTimes", "EvenTimes\EvenTimes.csproj", "{1E80D654-3488-4560-BC66-748F5739656D}"
EndProject
Project("{9A19103F-16F7-4668-BE54-9A1E7A4F7556}") = "CountSymbols", "CountSymbols\CountSymbols.csproj", "{9CC1EE41-8AB4-403C-A6AC-B9F471332D5B}"
EndProject
Project("{9A19103F-16F7-4668-BE54-9A1E7A4F7556}") = "Wardrobe", "Wardrobe\Wardrobe.csproj", "{A9D6860E-434E-4016-9954-60C3624F792E}"
EndProject
Project("{9A19103F-16F7-4668-BE54-9A1E7A4F7556}") = "TheV-Logger", "TheV-Logger\TheV-Logger.csproj", "{3B31A466-CC7D-475C-9F81-FA559C3D86FF}"
EndProject
Project("{9A19103F-16F7-4668-BE54-9A1E7A4F7556}") = "Ranking", "Ranking\Ranking.csproj", "{748F39D5-EEEE-4EFE-9C30-335E203F416F}"
EndProject
Project("{9A19103F-16F7-4668-BE54-9A1E7A4F7556}") = "SoftUniExamResults", "SoftUniExamResults\SoftUniExamResults.csproj", "{C3D14786-4AB8-4E86-AE15-18DA66BB9D98}"
EndProject
Project("{9A19103F-16F7-4668-BE54-9A1E7A4F7556}") = "ForceBook", "ForceBook\ForceBook.csproj", "{FC8E346B-6274-4ED0-B760-C4D284A1F107}"
EndProject
Project("{9A19103F-16F7-4668-BE54-9A1E7A4F7556}") = "OddLInes", "OddLInes\OddLInes.csproj", "{E4DB9D84-49BD-40D7-9D66-E57F9202F04D}"
EndProject
Project("{9A19103F-16F7-4668-BE54-9A1E7A4F7556}") = "LineNumbers", "LineNumbers\LineNumbers.csproj", "{3775D5CD-9340-4D5B-8149-24679D0EA0B5}"
EndProject
Project("{9A19103F-16F7-4668-BE54-9A1E7A4F7556}") = "WordCount", "WordCount\WordCount.csproj", "{323274C9-4E57-4124-9E01-9D2702E8CD07}"
EndProject
Project("{9A19103F-16F7-4668-BE54-9A1E7A4F7556}") = "MergeFiles", "MergeFiles\MergeFiles.csproj", "{56CA66E3-ECF1-4C94-8C05-B3B39C0CB7DE}"
EndProject
Project("{9A19103F-16F7-4668-BE54-9A1E7A4F7556}") = "ExtractSpecialBytes", "ExtractSpecialBytes\ExtractSpecialBytes.csproj", "{7840578E-B146-48EE-B031-C8330FA6EF3C}"
EndProject
Project("{9A19103F-16F7-4668-BE54-9A1E7A4F7556}") = "MergeBinaryFiles", "SplitMergeBinaryFiles\MergeBinaryFiles.csproj", "{7D6F148F-A49B-4786-AF56-04EB367C9956}"
EndProject
Project("{9A19103F-16F7-4668-BE54-9A1E7A4F7556}") = "EvenLines", "EvenLines\EvenLines.csproj", "{8C3133B9-7855-4680-B176-4514D1D7DF52}"
EndProject
Project("{9A19103F-16F7-4668-BE54-9A1E7A4F7556}") = "CopyBinaryFile", "CopyBinaryFile\CopyBinaryFile.csproj", "{E500E1FB-8B48-4B5D-A219-8ABE12372BD4}"
EndProject
Project("{FAE04EC0-301F-11D3-BF4B-00C04F79EFBC}") = "DirectoryTraversal", "DirectoryTraversal\DirectoryTraversal.csproj", "{12941C7D-A378-4F39-BF53-94E749521C31}"
EndProject
Project("{FAE04EC0-301F-11D3-BF4B-00C04F79EFBC}") = "CopyDirectory", "CopyDirectory\CopyDirectory.csproj", "{598B5D0D-9478-4A9C-81AE-98510AC412D9}"
EndProject
Project("{FAE04EC0-301F-11D3-BF4B-00C04F79EFBC}") = "ZipAndExtract", "ZipAndExtract\ZipAndExtract.csproj", "{836E4F30-D3DD-4899-8176-04C8690EDF39}"
EndProject
Project("{FAE04EC0-301F-11D3-BF4B-00C04F79EFBC}") = "SortEvenNumbers", "SortEvenNumbers\SortEvenNumbers.csproj", "{805B2325-2E02-4690-AF9E-72B6FCDF5F11}"
EndProject
Project("{FAE04EC0-301F-11D3-BF4B-00C04F79EFBC}") = "SumNumbers", "SumNumbers\SumNumbers.csproj", "{1D70D93C-A306-4A0E-B9A7-56F0341E5498}"
EndProject
Project("{FAE04EC0-301F-11D3-BF4B-00C04F79EFBC}") = "CountUppercaseWords", "CountUppercaseWords\CountUppercaseWords.csproj", "{90F2492E-2326-4D1C-9F97-CDB7DC7D42AA}"
EndProject
Project("{FAE04EC0-301F-11D3-BF4B-00C04F79EFBC}") = "AddVAT", "AddVAT\AddVAT.csproj", "{09DADBAE-90B7-4C12-85C1-1DE8F656789B}"
EndProject
Project("{FAE04EC0-301F-11D3-BF4B-00C04F79EFBC}") = "FilterByAge", "FilterByAge\FilterByAge.csproj", "{9AB0B32E-476B-4447-89D1-F8D261EA7979}"
EndProject
Project("{FAE04EC0-301F-11D3-BF4B-00C04F79EFBC}") = "ActionPoint", "ActionPoint\ActionPoint.csproj", "{CE8631D6-8C79-4918-9C91-2AB916A279F8}"
EndProject
Project("{FAE04EC0-301F-11D3-BF4B-00C04F79EFBC}") = "KnightsOfHonor", "KnightsOfHonor\KnightsOfHonor.csproj", "{B7025022-A6F5-4D81-A86C-7EEDD4EF060A}"
EndProject
Project("{FAE04EC0-301F-11D3-BF4B-00C04F79EFBC}") = "CustomMinFunction", "CustomMinFunction\CustomMinFunction.csproj", "{B1E9BC29-790A-4565-94A6-A548D65F7296}"
EndProject
Project("{FAE04EC0-301F-11D3-BF4B-00C04F79EFBC}") = "FindEvensOrOdds", "FindEvensOrOdds\FindEvensOrOdds.csproj", "{0262476B-F946-4B19-9340-858B4996E348}"
EndProject
Project("{FAE04EC0-301F-11D3-BF4B-00C04F79EFBC}") = "AppliedArithmetics", "AppliedArithmetics\AppliedArithmetics.csproj", "{5ECEB504-A0BE-429D-B913-C6D2056C8BBB}"
EndProject
Global
	GlobalSection(SolutionConfigurationPlatforms) = preSolution
		Debug|Any CPU = Debug|Any CPU
		Release|Any CPU = Release|Any CPU
	EndGlobalSection
	GlobalSection(ProjectConfigurationPlatforms) = postSolution
		{10E34FB2-FB01-413E-9040-900BE02A10EB}.Debug|Any CPU.ActiveCfg = Debug|Any CPU
		{10E34FB2-FB01-413E-9040-900BE02A10EB}.Debug|Any CPU.Build.0 = Debug|Any CPU
		{10E34FB2-FB01-413E-9040-900BE02A10EB}.Release|Any CPU.ActiveCfg = Release|Any CPU
		{10E34FB2-FB01-413E-9040-900BE02A10EB}.Release|Any CPU.Build.0 = Release|Any CPU
		{2F181191-258C-4906-BB5C-9447792433A0}.Debug|Any CPU.ActiveCfg = Debug|Any CPU
		{2F181191-258C-4906-BB5C-9447792433A0}.Debug|Any CPU.Build.0 = Debug|Any CPU
		{2F181191-258C-4906-BB5C-9447792433A0}.Release|Any CPU.ActiveCfg = Release|Any CPU
		{2F181191-258C-4906-BB5C-9447792433A0}.Release|Any CPU.Build.0 = Release|Any CPU
		{D5304A76-8E10-4188-AD72-8344DA1A3125}.Debug|Any CPU.ActiveCfg = Debug|Any CPU
		{D5304A76-8E10-4188-AD72-8344DA1A3125}.Debug|Any CPU.Build.0 = Debug|Any CPU
		{D5304A76-8E10-4188-AD72-8344DA1A3125}.Release|Any CPU.ActiveCfg = Release|Any CPU
		{D5304A76-8E10-4188-AD72-8344DA1A3125}.Release|Any CPU.Build.0 = Release|Any CPU
		{E175448A-7990-4FE2-AC4D-81290CB2AF9E}.Debug|Any CPU.ActiveCfg = Debug|Any CPU
		{E175448A-7990-4FE2-AC4D-81290CB2AF9E}.Debug|Any CPU.Build.0 = Debug|Any CPU
		{E175448A-7990-4FE2-AC4D-81290CB2AF9E}.Release|Any CPU.ActiveCfg = Release|Any CPU
		{E175448A-7990-4FE2-AC4D-81290CB2AF9E}.Release|Any CPU.Build.0 = Release|Any CPU
		{DEB12456-E65F-4135-B406-C4CE9C1ACBBD}.Debug|Any CPU.ActiveCfg = Debug|Any CPU
		{DEB12456-E65F-4135-B406-C4CE9C1ACBBD}.Debug|Any CPU.Build.0 = Debug|Any CPU
		{DEB12456-E65F-4135-B406-C4CE9C1ACBBD}.Release|Any CPU.ActiveCfg = Release|Any CPU
		{DEB12456-E65F-4135-B406-C4CE9C1ACBBD}.Release|Any CPU.Build.0 = Release|Any CPU
		{9E04CEF9-3C3D-4F11-9B9D-9BA8FC97DDE4}.Debug|Any CPU.ActiveCfg = Debug|Any CPU
		{9E04CEF9-3C3D-4F11-9B9D-9BA8FC97DDE4}.Debug|Any CPU.Build.0 = Debug|Any CPU
		{9E04CEF9-3C3D-4F11-9B9D-9BA8FC97DDE4}.Release|Any CPU.ActiveCfg = Release|Any CPU
		{9E04CEF9-3C3D-4F11-9B9D-9BA8FC97DDE4}.Release|Any CPU.Build.0 = Release|Any CPU
		{620FD59D-768F-44C3-86A2-C03F9611358E}.Debug|Any CPU.ActiveCfg = Debug|Any CPU
		{620FD59D-768F-44C3-86A2-C03F9611358E}.Debug|Any CPU.Build.0 = Debug|Any CPU
		{620FD59D-768F-44C3-86A2-C03F9611358E}.Release|Any CPU.ActiveCfg = Release|Any CPU
		{620FD59D-768F-44C3-86A2-C03F9611358E}.Release|Any CPU.Build.0 = Release|Any CPU
		{BAE0455D-BDC2-49DF-B2B2-70314600692D}.Debug|Any CPU.ActiveCfg = Debug|Any CPU
		{BAE0455D-BDC2-49DF-B2B2-70314600692D}.Debug|Any CPU.Build.0 = Debug|Any CPU
		{BAE0455D-BDC2-49DF-B2B2-70314600692D}.Release|Any CPU.ActiveCfg = Release|Any CPU
		{BAE0455D-BDC2-49DF-B2B2-70314600692D}.Release|Any CPU.Build.0 = Release|Any CPU
		{805811E2-2F3A-468B-BEB3-96025C5BA8DC}.Debug|Any CPU.ActiveCfg = Debug|Any CPU
		{805811E2-2F3A-468B-BEB3-96025C5BA8DC}.Debug|Any CPU.Build.0 = Debug|Any CPU
		{805811E2-2F3A-468B-BEB3-96025C5BA8DC}.Release|Any CPU.ActiveCfg = Release|Any CPU
		{805811E2-2F3A-468B-BEB3-96025C5BA8DC}.Release|Any CPU.Build.0 = Release|Any CPU
		{BC9C5933-EA17-48E3-A07A-A8695ED4D415}.Debug|Any CPU.ActiveCfg = Debug|Any CPU
		{BC9C5933-EA17-48E3-A07A-A8695ED4D415}.Debug|Any CPU.Build.0 = Debug|Any CPU
		{BC9C5933-EA17-48E3-A07A-A8695ED4D415}.Release|Any CPU.ActiveCfg = Release|Any CPU
		{BC9C5933-EA17-48E3-A07A-A8695ED4D415}.Release|Any CPU.Build.0 = Release|Any CPU
		{E1DA9427-D66F-46FE-9B3B-6D04CE4260A6}.Debug|Any CPU.ActiveCfg = Debug|Any CPU
		{E1DA9427-D66F-46FE-9B3B-6D04CE4260A6}.Debug|Any CPU.Build.0 = Debug|Any CPU
		{E1DA9427-D66F-46FE-9B3B-6D04CE4260A6}.Release|Any CPU.ActiveCfg = Release|Any CPU
		{E1DA9427-D66F-46FE-9B3B-6D04CE4260A6}.Release|Any CPU.Build.0 = Release|Any CPU
		{E0392E9D-D20D-4503-B82C-D2205595C321}.Debug|Any CPU.ActiveCfg = Debug|Any CPU
		{E0392E9D-D20D-4503-B82C-D2205595C321}.Debug|Any CPU.Build.0 = Debug|Any CPU
		{E0392E9D-D20D-4503-B82C-D2205595C321}.Release|Any CPU.ActiveCfg = Release|Any CPU
		{E0392E9D-D20D-4503-B82C-D2205595C321}.Release|Any CPU.Build.0 = Release|Any CPU
		{FB8289B8-5EA5-4F60-8C03-26373C778689}.Debug|Any CPU.ActiveCfg = Debug|Any CPU
		{FB8289B8-5EA5-4F60-8C03-26373C778689}.Debug|Any CPU.Build.0 = Debug|Any CPU
		{FB8289B8-5EA5-4F60-8C03-26373C778689}.Release|Any CPU.ActiveCfg = Release|Any CPU
		{FB8289B8-5EA5-4F60-8C03-26373C778689}.Release|Any CPU.Build.0 = Release|Any CPU
		{AB462313-3872-4F97-8A16-E45A5C27F516}.Debug|Any CPU.ActiveCfg = Debug|Any CPU
		{AB462313-3872-4F97-8A16-E45A5C27F516}.Debug|Any CPU.Build.0 = Debug|Any CPU
		{AB462313-3872-4F97-8A16-E45A5C27F516}.Release|Any CPU.ActiveCfg = Release|Any CPU
		{AB462313-3872-4F97-8A16-E45A5C27F516}.Release|Any CPU.Build.0 = Release|Any CPU
		{A3C87656-16EE-4727-8EB6-7784E44C73BE}.Debug|Any CPU.ActiveCfg = Debug|Any CPU
		{A3C87656-16EE-4727-8EB6-7784E44C73BE}.Debug|Any CPU.Build.0 = Debug|Any CPU
		{A3C87656-16EE-4727-8EB6-7784E44C73BE}.Release|Any CPU.ActiveCfg = Release|Any CPU
		{A3C87656-16EE-4727-8EB6-7784E44C73BE}.Release|Any CPU.Build.0 = Release|Any CPU
		{13860684-CE2F-4EB7-B0D1-9A1A843DCE0C}.Debug|Any CPU.ActiveCfg = Debug|Any CPU
		{13860684-CE2F-4EB7-B0D1-9A1A843DCE0C}.Debug|Any CPU.Build.0 = Debug|Any CPU
		{13860684-CE2F-4EB7-B0D1-9A1A843DCE0C}.Release|Any CPU.ActiveCfg = Release|Any CPU
		{13860684-CE2F-4EB7-B0D1-9A1A843DCE0C}.Release|Any CPU.Build.0 = Release|Any CPU
		{C684BB1C-0967-484A-BEE6-A3F64ADCCE21}.Debug|Any CPU.ActiveCfg = Debug|Any CPU
		{C684BB1C-0967-484A-BEE6-A3F64ADCCE21}.Debug|Any CPU.Build.0 = Debug|Any CPU
		{C684BB1C-0967-484A-BEE6-A3F64ADCCE21}.Release|Any CPU.ActiveCfg = Release|Any CPU
		{C684BB1C-0967-484A-BEE6-A3F64ADCCE21}.Release|Any CPU.Build.0 = Release|Any CPU
		{5BF20A0E-1263-4228-B518-9AC90EE7B4F2}.Debug|Any CPU.ActiveCfg = Debug|Any CPU
		{5BF20A0E-1263-4228-B518-9AC90EE7B4F2}.Debug|Any CPU.Build.0 = Debug|Any CPU
		{5BF20A0E-1263-4228-B518-9AC90EE7B4F2}.Release|Any CPU.ActiveCfg = Release|Any CPU
		{5BF20A0E-1263-4228-B518-9AC90EE7B4F2}.Release|Any CPU.Build.0 = Release|Any CPU
		{8314720D-9668-4DA8-8883-45B1F0E219EF}.Debug|Any CPU.ActiveCfg = Debug|Any CPU
		{8314720D-9668-4DA8-8883-45B1F0E219EF}.Debug|Any CPU.Build.0 = Debug|Any CPU
		{8314720D-9668-4DA8-8883-45B1F0E219EF}.Release|Any CPU.ActiveCfg = Release|Any CPU
		{8314720D-9668-4DA8-8883-45B1F0E219EF}.Release|Any CPU.Build.0 = Release|Any CPU
		{098CD0E2-51EC-4AE1-AD5A-7C4539BB10D2}.Debug|Any CPU.ActiveCfg = Debug|Any CPU
		{098CD0E2-51EC-4AE1-AD5A-7C4539BB10D2}.Debug|Any CPU.Build.0 = Debug|Any CPU
		{098CD0E2-51EC-4AE1-AD5A-7C4539BB10D2}.Release|Any CPU.ActiveCfg = Release|Any CPU
		{098CD0E2-51EC-4AE1-AD5A-7C4539BB10D2}.Release|Any CPU.Build.0 = Release|Any CPU
		{CC555637-47D1-4653-A12B-AA5F1906157A}.Debug|Any CPU.ActiveCfg = Debug|Any CPU
		{CC555637-47D1-4653-A12B-AA5F1906157A}.Debug|Any CPU.Build.0 = Debug|Any CPU
		{CC555637-47D1-4653-A12B-AA5F1906157A}.Release|Any CPU.ActiveCfg = Release|Any CPU
		{CC555637-47D1-4653-A12B-AA5F1906157A}.Release|Any CPU.Build.0 = Release|Any CPU
		{C7DA0376-CCBB-403B-9E93-FF57272F8753}.Debug|Any CPU.ActiveCfg = Debug|Any CPU
		{C7DA0376-CCBB-403B-9E93-FF57272F8753}.Debug|Any CPU.Build.0 = Debug|Any CPU
		{C7DA0376-CCBB-403B-9E93-FF57272F8753}.Release|Any CPU.ActiveCfg = Release|Any CPU
		{C7DA0376-CCBB-403B-9E93-FF57272F8753}.Release|Any CPU.Build.0 = Release|Any CPU
		{54CA3643-E7E1-4CC3-92B1-FA478F3B8A5C}.Debug|Any CPU.ActiveCfg = Debug|Any CPU
		{54CA3643-E7E1-4CC3-92B1-FA478F3B8A5C}.Debug|Any CPU.Build.0 = Debug|Any CPU
		{54CA3643-E7E1-4CC3-92B1-FA478F3B8A5C}.Release|Any CPU.ActiveCfg = Release|Any CPU
		{54CA3643-E7E1-4CC3-92B1-FA478F3B8A5C}.Release|Any CPU.Build.0 = Release|Any CPU
		{5ED7678C-33DA-4C91-9B15-187439CAE67C}.Debug|Any CPU.ActiveCfg = Debug|Any CPU
		{5ED7678C-33DA-4C91-9B15-187439CAE67C}.Debug|Any CPU.Build.0 = Debug|Any CPU
		{5ED7678C-33DA-4C91-9B15-187439CAE67C}.Release|Any CPU.ActiveCfg = Release|Any CPU
		{5ED7678C-33DA-4C91-9B15-187439CAE67C}.Release|Any CPU.Build.0 = Release|Any CPU
		{76399541-B8AB-4D3E-966F-234596344C8D}.Debug|Any CPU.ActiveCfg = Debug|Any CPU
		{76399541-B8AB-4D3E-966F-234596344C8D}.Debug|Any CPU.Build.0 = Debug|Any CPU
		{76399541-B8AB-4D3E-966F-234596344C8D}.Release|Any CPU.ActiveCfg = Release|Any CPU
		{76399541-B8AB-4D3E-966F-234596344C8D}.Release|Any CPU.Build.0 = Release|Any CPU
		{FE258F3F-EF20-48F1-BE6D-623A39486CAD}.Debug|Any CPU.ActiveCfg = Debug|Any CPU
		{FE258F3F-EF20-48F1-BE6D-623A39486CAD}.Debug|Any CPU.Build.0 = Debug|Any CPU
		{FE258F3F-EF20-48F1-BE6D-623A39486CAD}.Release|Any CPU.ActiveCfg = Release|Any CPU
		{FE258F3F-EF20-48F1-BE6D-623A39486CAD}.Release|Any CPU.Build.0 = Release|Any CPU
		{60C41ED0-4007-47F2-BE4B-5F41B77D97BA}.Debug|Any CPU.ActiveCfg = Debug|Any CPU
		{60C41ED0-4007-47F2-BE4B-5F41B77D97BA}.Debug|Any CPU.Build.0 = Debug|Any CPU
		{60C41ED0-4007-47F2-BE4B-5F41B77D97BA}.Release|Any CPU.ActiveCfg = Release|Any CPU
		{60C41ED0-4007-47F2-BE4B-5F41B77D97BA}.Release|Any CPU.Build.0 = Release|Any CPU
		{05E8EB3E-B13B-4C90-8513-F254E15C01ED}.Debug|Any CPU.ActiveCfg = Debug|Any CPU
		{05E8EB3E-B13B-4C90-8513-F254E15C01ED}.Debug|Any CPU.Build.0 = Debug|Any CPU
		{05E8EB3E-B13B-4C90-8513-F254E15C01ED}.Release|Any CPU.ActiveCfg = Release|Any CPU
		{05E8EB3E-B13B-4C90-8513-F254E15C01ED}.Release|Any CPU.Build.0 = Release|Any CPU
		{66651769-4D78-4C3D-8CCF-1EAA0FED7C63}.Debug|Any CPU.ActiveCfg = Debug|Any CPU
		{66651769-4D78-4C3D-8CCF-1EAA0FED7C63}.Debug|Any CPU.Build.0 = Debug|Any CPU
		{66651769-4D78-4C3D-8CCF-1EAA0FED7C63}.Release|Any CPU.ActiveCfg = Release|Any CPU
		{66651769-4D78-4C3D-8CCF-1EAA0FED7C63}.Release|Any CPU.Build.0 = Release|Any CPU
		{63C7B6E6-FC38-4E31-B932-6F857CA6995B}.Debug|Any CPU.ActiveCfg = Debug|Any CPU
		{63C7B6E6-FC38-4E31-B932-6F857CA6995B}.Debug|Any CPU.Build.0 = Debug|Any CPU
		{63C7B6E6-FC38-4E31-B932-6F857CA6995B}.Release|Any CPU.ActiveCfg = Release|Any CPU
		{63C7B6E6-FC38-4E31-B932-6F857CA6995B}.Release|Any CPU.Build.0 = Release|Any CPU
		{EFE7AD2A-DD72-49E0-B740-6D203385EAEA}.Debug|Any CPU.ActiveCfg = Debug|Any CPU
		{EFE7AD2A-DD72-49E0-B740-6D203385EAEA}.Debug|Any CPU.Build.0 = Debug|Any CPU
		{EFE7AD2A-DD72-49E0-B740-6D203385EAEA}.Release|Any CPU.ActiveCfg = Release|Any CPU
		{EFE7AD2A-DD72-49E0-B740-6D203385EAEA}.Release|Any CPU.Build.0 = Release|Any CPU
		{A9BB254B-1FB3-462E-9B85-E58C72C62CA5}.Debug|Any CPU.ActiveCfg = Debug|Any CPU
		{A9BB254B-1FB3-462E-9B85-E58C72C62CA5}.Debug|Any CPU.Build.0 = Debug|Any CPU
		{A9BB254B-1FB3-462E-9B85-E58C72C62CA5}.Release|Any CPU.ActiveCfg = Release|Any CPU
		{A9BB254B-1FB3-462E-9B85-E58C72C62CA5}.Release|Any CPU.Build.0 = Release|Any CPU
		{82DDCC1E-061F-4A46-8081-4562643AEC48}.Debug|Any CPU.ActiveCfg = Debug|Any CPU
		{82DDCC1E-061F-4A46-8081-4562643AEC48}.Debug|Any CPU.Build.0 = Debug|Any CPU
		{82DDCC1E-061F-4A46-8081-4562643AEC48}.Release|Any CPU.ActiveCfg = Release|Any CPU
		{82DDCC1E-061F-4A46-8081-4562643AEC48}.Release|Any CPU.Build.0 = Release|Any CPU
		{85E137DF-4427-4089-AB8A-C790AF9EF950}.Debug|Any CPU.ActiveCfg = Debug|Any CPU
		{85E137DF-4427-4089-AB8A-C790AF9EF950}.Debug|Any CPU.Build.0 = Debug|Any CPU
		{85E137DF-4427-4089-AB8A-C790AF9EF950}.Release|Any CPU.ActiveCfg = Release|Any CPU
		{85E137DF-4427-4089-AB8A-C790AF9EF950}.Release|Any CPU.Build.0 = Release|Any CPU
		{D2DC5E81-8301-47E9-A768-106C7205CE49}.Debug|Any CPU.ActiveCfg = Debug|Any CPU
		{D2DC5E81-8301-47E9-A768-106C7205CE49}.Debug|Any CPU.Build.0 = Debug|Any CPU
		{D2DC5E81-8301-47E9-A768-106C7205CE49}.Release|Any CPU.ActiveCfg = Release|Any CPU
		{D2DC5E81-8301-47E9-A768-106C7205CE49}.Release|Any CPU.Build.0 = Release|Any CPU
		{D8B07B61-412B-430E-BAAF-D9C45DB04347}.Debug|Any CPU.ActiveCfg = Debug|Any CPU
		{D8B07B61-412B-430E-BAAF-D9C45DB04347}.Debug|Any CPU.Build.0 = Debug|Any CPU
		{D8B07B61-412B-430E-BAAF-D9C45DB04347}.Release|Any CPU.ActiveCfg = Release|Any CPU
		{D8B07B61-412B-430E-BAAF-D9C45DB04347}.Release|Any CPU.Build.0 = Release|Any CPU
		{D13B283D-4C1B-4FDA-816D-C938D1C50834}.Debug|Any CPU.ActiveCfg = Debug|Any CPU
		{D13B283D-4C1B-4FDA-816D-C938D1C50834}.Debug|Any CPU.Build.0 = Debug|Any CPU
		{D13B283D-4C1B-4FDA-816D-C938D1C50834}.Release|Any CPU.ActiveCfg = Release|Any CPU
		{D13B283D-4C1B-4FDA-816D-C938D1C50834}.Release|Any CPU.Build.0 = Release|Any CPU
		{7B4EA7EE-1712-49A8-BF23-A1E6F2B0494A}.Debug|Any CPU.ActiveCfg = Debug|Any CPU
		{7B4EA7EE-1712-49A8-BF23-A1E6F2B0494A}.Debug|Any CPU.Build.0 = Debug|Any CPU
		{7B4EA7EE-1712-49A8-BF23-A1E6F2B0494A}.Release|Any CPU.ActiveCfg = Release|Any CPU
		{7B4EA7EE-1712-49A8-BF23-A1E6F2B0494A}.Release|Any CPU.Build.0 = Release|Any CPU
		{7F7779BA-3291-47FE-B209-1F481C2392E7}.Debug|Any CPU.ActiveCfg = Debug|Any CPU
		{7F7779BA-3291-47FE-B209-1F481C2392E7}.Debug|Any CPU.Build.0 = Debug|Any CPU
		{7F7779BA-3291-47FE-B209-1F481C2392E7}.Release|Any CPU.ActiveCfg = Release|Any CPU
		{7F7779BA-3291-47FE-B209-1F481C2392E7}.Release|Any CPU.Build.0 = Release|Any CPU
		{352EA8A5-E852-4700-8174-F10DB5274815}.Debug|Any CPU.ActiveCfg = Debug|Any CPU
		{352EA8A5-E852-4700-8174-F10DB5274815}.Debug|Any CPU.Build.0 = Debug|Any CPU
		{352EA8A5-E852-4700-8174-F10DB5274815}.Release|Any CPU.ActiveCfg = Release|Any CPU
		{352EA8A5-E852-4700-8174-F10DB5274815}.Release|Any CPU.Build.0 = Release|Any CPU
		{A8372E94-D9B4-4419-8C50-DF00950B3A89}.Debug|Any CPU.ActiveCfg = Debug|Any CPU
		{A8372E94-D9B4-4419-8C50-DF00950B3A89}.Debug|Any CPU.Build.0 = Debug|Any CPU
		{A8372E94-D9B4-4419-8C50-DF00950B3A89}.Release|Any CPU.ActiveCfg = Release|Any CPU
		{A8372E94-D9B4-4419-8C50-DF00950B3A89}.Release|Any CPU.Build.0 = Release|Any CPU
		{EFEB9DE5-B52F-4224-A18B-312BE2CA9711}.Debug|Any CPU.ActiveCfg = Debug|Any CPU
		{EFEB9DE5-B52F-4224-A18B-312BE2CA9711}.Debug|Any CPU.Build.0 = Debug|Any CPU
		{EFEB9DE5-B52F-4224-A18B-312BE2CA9711}.Release|Any CPU.ActiveCfg = Release|Any CPU
		{EFEB9DE5-B52F-4224-A18B-312BE2CA9711}.Release|Any CPU.Build.0 = Release|Any CPU
		{DEB07320-1696-42FE-A89F-71E02C9165A0}.Debug|Any CPU.ActiveCfg = Debug|Any CPU
		{DEB07320-1696-42FE-A89F-71E02C9165A0}.Debug|Any CPU.Build.0 = Debug|Any CPU
		{DEB07320-1696-42FE-A89F-71E02C9165A0}.Release|Any CPU.ActiveCfg = Release|Any CPU
		{DEB07320-1696-42FE-A89F-71E02C9165A0}.Release|Any CPU.Build.0 = Release|Any CPU
		{E6CBE940-6BF9-43F2-B977-9726D2ABF12A}.Debug|Any CPU.ActiveCfg = Debug|Any CPU
		{E6CBE940-6BF9-43F2-B977-9726D2ABF12A}.Debug|Any CPU.Build.0 = Debug|Any CPU
		{E6CBE940-6BF9-43F2-B977-9726D2ABF12A}.Release|Any CPU.ActiveCfg = Release|Any CPU
		{E6CBE940-6BF9-43F2-B977-9726D2ABF12A}.Release|Any CPU.Build.0 = Release|Any CPU
		{D653C514-B192-4E56-9302-E64F93E940C6}.Debug|Any CPU.ActiveCfg = Debug|Any CPU
		{D653C514-B192-4E56-9302-E64F93E940C6}.Debug|Any CPU.Build.0 = Debug|Any CPU
		{D653C514-B192-4E56-9302-E64F93E940C6}.Release|Any CPU.ActiveCfg = Release|Any CPU
		{D653C514-B192-4E56-9302-E64F93E940C6}.Release|Any CPU.Build.0 = Release|Any CPU
		{EF5C4EBA-6A20-4AA2-B595-D3BB2300BE3B}.Debug|Any CPU.ActiveCfg = Debug|Any CPU
		{EF5C4EBA-6A20-4AA2-B595-D3BB2300BE3B}.Debug|Any CPU.Build.0 = Debug|Any CPU
		{EF5C4EBA-6A20-4AA2-B595-D3BB2300BE3B}.Release|Any CPU.ActiveCfg = Release|Any CPU
		{EF5C4EBA-6A20-4AA2-B595-D3BB2300BE3B}.Release|Any CPU.Build.0 = Release|Any CPU
		{1E80D654-3488-4560-BC66-748F5739656D}.Debug|Any CPU.ActiveCfg = Debug|Any CPU
		{1E80D654-3488-4560-BC66-748F5739656D}.Debug|Any CPU.Build.0 = Debug|Any CPU
		{1E80D654-3488-4560-BC66-748F5739656D}.Release|Any CPU.ActiveCfg = Release|Any CPU
		{1E80D654-3488-4560-BC66-748F5739656D}.Release|Any CPU.Build.0 = Release|Any CPU
		{9CC1EE41-8AB4-403C-A6AC-B9F471332D5B}.Debug|Any CPU.ActiveCfg = Debug|Any CPU
		{9CC1EE41-8AB4-403C-A6AC-B9F471332D5B}.Debug|Any CPU.Build.0 = Debug|Any CPU
		{9CC1EE41-8AB4-403C-A6AC-B9F471332D5B}.Release|Any CPU.ActiveCfg = Release|Any CPU
		{9CC1EE41-8AB4-403C-A6AC-B9F471332D5B}.Release|Any CPU.Build.0 = Release|Any CPU
		{A9D6860E-434E-4016-9954-60C3624F792E}.Debug|Any CPU.ActiveCfg = Debug|Any CPU
		{A9D6860E-434E-4016-9954-60C3624F792E}.Debug|Any CPU.Build.0 = Debug|Any CPU
		{A9D6860E-434E-4016-9954-60C3624F792E}.Release|Any CPU.ActiveCfg = Release|Any CPU
		{A9D6860E-434E-4016-9954-60C3624F792E}.Release|Any CPU.Build.0 = Release|Any CPU
		{3B31A466-CC7D-475C-9F81-FA559C3D86FF}.Debug|Any CPU.ActiveCfg = Debug|Any CPU
		{3B31A466-CC7D-475C-9F81-FA559C3D86FF}.Debug|Any CPU.Build.0 = Debug|Any CPU
		{3B31A466-CC7D-475C-9F81-FA559C3D86FF}.Release|Any CPU.ActiveCfg = Release|Any CPU
		{3B31A466-CC7D-475C-9F81-FA559C3D86FF}.Release|Any CPU.Build.0 = Release|Any CPU
		{748F39D5-EEEE-4EFE-9C30-335E203F416F}.Debug|Any CPU.ActiveCfg = Debug|Any CPU
		{748F39D5-EEEE-4EFE-9C30-335E203F416F}.Debug|Any CPU.Build.0 = Debug|Any CPU
		{748F39D5-EEEE-4EFE-9C30-335E203F416F}.Release|Any CPU.ActiveCfg = Release|Any CPU
		{748F39D5-EEEE-4EFE-9C30-335E203F416F}.Release|Any CPU.Build.0 = Release|Any CPU
		{C3D14786-4AB8-4E86-AE15-18DA66BB9D98}.Debug|Any CPU.ActiveCfg = Debug|Any CPU
		{C3D14786-4AB8-4E86-AE15-18DA66BB9D98}.Debug|Any CPU.Build.0 = Debug|Any CPU
		{C3D14786-4AB8-4E86-AE15-18DA66BB9D98}.Release|Any CPU.ActiveCfg = Release|Any CPU
		{C3D14786-4AB8-4E86-AE15-18DA66BB9D98}.Release|Any CPU.Build.0 = Release|Any CPU
		{FC8E346B-6274-4ED0-B760-C4D284A1F107}.Debug|Any CPU.ActiveCfg = Debug|Any CPU
		{FC8E346B-6274-4ED0-B760-C4D284A1F107}.Debug|Any CPU.Build.0 = Debug|Any CPU
		{FC8E346B-6274-4ED0-B760-C4D284A1F107}.Release|Any CPU.ActiveCfg = Release|Any CPU
		{FC8E346B-6274-4ED0-B760-C4D284A1F107}.Release|Any CPU.Build.0 = Release|Any CPU
		{E4DB9D84-49BD-40D7-9D66-E57F9202F04D}.Debug|Any CPU.ActiveCfg = Debug|Any CPU
		{E4DB9D84-49BD-40D7-9D66-E57F9202F04D}.Debug|Any CPU.Build.0 = Debug|Any CPU
		{E4DB9D84-49BD-40D7-9D66-E57F9202F04D}.Release|Any CPU.ActiveCfg = Release|Any CPU
		{E4DB9D84-49BD-40D7-9D66-E57F9202F04D}.Release|Any CPU.Build.0 = Release|Any CPU
		{3775D5CD-9340-4D5B-8149-24679D0EA0B5}.Debug|Any CPU.ActiveCfg = Debug|Any CPU
		{3775D5CD-9340-4D5B-8149-24679D0EA0B5}.Debug|Any CPU.Build.0 = Debug|Any CPU
		{3775D5CD-9340-4D5B-8149-24679D0EA0B5}.Release|Any CPU.ActiveCfg = Release|Any CPU
		{3775D5CD-9340-4D5B-8149-24679D0EA0B5}.Release|Any CPU.Build.0 = Release|Any CPU
		{323274C9-4E57-4124-9E01-9D2702E8CD07}.Debug|Any CPU.ActiveCfg = Debug|Any CPU
		{323274C9-4E57-4124-9E01-9D2702E8CD07}.Debug|Any CPU.Build.0 = Debug|Any CPU
		{323274C9-4E57-4124-9E01-9D2702E8CD07}.Release|Any CPU.ActiveCfg = Release|Any CPU
		{323274C9-4E57-4124-9E01-9D2702E8CD07}.Release|Any CPU.Build.0 = Release|Any CPU
		{56CA66E3-ECF1-4C94-8C05-B3B39C0CB7DE}.Debug|Any CPU.ActiveCfg = Debug|Any CPU
		{56CA66E3-ECF1-4C94-8C05-B3B39C0CB7DE}.Debug|Any CPU.Build.0 = Debug|Any CPU
		{56CA66E3-ECF1-4C94-8C05-B3B39C0CB7DE}.Release|Any CPU.ActiveCfg = Release|Any CPU
		{56CA66E3-ECF1-4C94-8C05-B3B39C0CB7DE}.Release|Any CPU.Build.0 = Release|Any CPU
		{7840578E-B146-48EE-B031-C8330FA6EF3C}.Debug|Any CPU.ActiveCfg = Debug|Any CPU
		{7840578E-B146-48EE-B031-C8330FA6EF3C}.Debug|Any CPU.Build.0 = Debug|Any CPU
		{7840578E-B146-48EE-B031-C8330FA6EF3C}.Release|Any CPU.ActiveCfg = Release|Any CPU
		{7840578E-B146-48EE-B031-C8330FA6EF3C}.Release|Any CPU.Build.0 = Release|Any CPU
		{7D6F148F-A49B-4786-AF56-04EB367C9956}.Debug|Any CPU.ActiveCfg = Debug|Any CPU
		{7D6F148F-A49B-4786-AF56-04EB367C9956}.Debug|Any CPU.Build.0 = Debug|Any CPU
		{7D6F148F-A49B-4786-AF56-04EB367C9956}.Release|Any CPU.ActiveCfg = Release|Any CPU
		{7D6F148F-A49B-4786-AF56-04EB367C9956}.Release|Any CPU.Build.0 = Release|Any CPU
		{8C3133B9-7855-4680-B176-4514D1D7DF52}.Debug|Any CPU.ActiveCfg = Debug|Any CPU
		{8C3133B9-7855-4680-B176-4514D1D7DF52}.Debug|Any CPU.Build.0 = Debug|Any CPU
		{8C3133B9-7855-4680-B176-4514D1D7DF52}.Release|Any CPU.ActiveCfg = Release|Any CPU
		{8C3133B9-7855-4680-B176-4514D1D7DF52}.Release|Any CPU.Build.0 = Release|Any CPU
		{E500E1FB-8B48-4B5D-A219-8ABE12372BD4}.Debug|Any CPU.ActiveCfg = Debug|Any CPU
		{E500E1FB-8B48-4B5D-A219-8ABE12372BD4}.Debug|Any CPU.Build.0 = Debug|Any CPU
		{E500E1FB-8B48-4B5D-A219-8ABE12372BD4}.Release|Any CPU.ActiveCfg = Release|Any CPU
		{E500E1FB-8B48-4B5D-A219-8ABE12372BD4}.Release|Any CPU.Build.0 = Release|Any CPU
		{12941C7D-A378-4F39-BF53-94E749521C31}.Debug|Any CPU.ActiveCfg = Debug|Any CPU
		{12941C7D-A378-4F39-BF53-94E749521C31}.Debug|Any CPU.Build.0 = Debug|Any CPU
		{12941C7D-A378-4F39-BF53-94E749521C31}.Release|Any CPU.ActiveCfg = Release|Any CPU
		{12941C7D-A378-4F39-BF53-94E749521C31}.Release|Any CPU.Build.0 = Release|Any CPU
		{598B5D0D-9478-4A9C-81AE-98510AC412D9}.Debug|Any CPU.ActiveCfg = Debug|Any CPU
		{598B5D0D-9478-4A9C-81AE-98510AC412D9}.Debug|Any CPU.Build.0 = Debug|Any CPU
		{598B5D0D-9478-4A9C-81AE-98510AC412D9}.Release|Any CPU.ActiveCfg = Release|Any CPU
		{598B5D0D-9478-4A9C-81AE-98510AC412D9}.Release|Any CPU.Build.0 = Release|Any CPU
		{836E4F30-D3DD-4899-8176-04C8690EDF39}.Debug|Any CPU.ActiveCfg = Debug|Any CPU
		{836E4F30-D3DD-4899-8176-04C8690EDF39}.Debug|Any CPU.Build.0 = Debug|Any CPU
		{836E4F30-D3DD-4899-8176-04C8690EDF39}.Release|Any CPU.ActiveCfg = Release|Any CPU
		{836E4F30-D3DD-4899-8176-04C8690EDF39}.Release|Any CPU.Build.0 = Release|Any CPU
		{805B2325-2E02-4690-AF9E-72B6FCDF5F11}.Debug|Any CPU.ActiveCfg = Debug|Any CPU
		{805B2325-2E02-4690-AF9E-72B6FCDF5F11}.Debug|Any CPU.Build.0 = Debug|Any CPU
		{805B2325-2E02-4690-AF9E-72B6FCDF5F11}.Release|Any CPU.ActiveCfg = Release|Any CPU
		{805B2325-2E02-4690-AF9E-72B6FCDF5F11}.Release|Any CPU.Build.0 = Release|Any CPU
		{1D70D93C-A306-4A0E-B9A7-56F0341E5498}.Debug|Any CPU.ActiveCfg = Debug|Any CPU
		{1D70D93C-A306-4A0E-B9A7-56F0341E5498}.Debug|Any CPU.Build.0 = Debug|Any CPU
		{1D70D93C-A306-4A0E-B9A7-56F0341E5498}.Release|Any CPU.ActiveCfg = Release|Any CPU
		{1D70D93C-A306-4A0E-B9A7-56F0341E5498}.Release|Any CPU.Build.0 = Release|Any CPU
		{90F2492E-2326-4D1C-9F97-CDB7DC7D42AA}.Debug|Any CPU.ActiveCfg = Debug|Any CPU
		{90F2492E-2326-4D1C-9F97-CDB7DC7D42AA}.Debug|Any CPU.Build.0 = Debug|Any CPU
		{90F2492E-2326-4D1C-9F97-CDB7DC7D42AA}.Release|Any CPU.ActiveCfg = Release|Any CPU
		{90F2492E-2326-4D1C-9F97-CDB7DC7D42AA}.Release|Any CPU.Build.0 = Release|Any CPU
		{09DADBAE-90B7-4C12-85C1-1DE8F656789B}.Debug|Any CPU.ActiveCfg = Debug|Any CPU
		{09DADBAE-90B7-4C12-85C1-1DE8F656789B}.Debug|Any CPU.Build.0 = Debug|Any CPU
		{09DADBAE-90B7-4C12-85C1-1DE8F656789B}.Release|Any CPU.ActiveCfg = Release|Any CPU
		{09DADBAE-90B7-4C12-85C1-1DE8F656789B}.Release|Any CPU.Build.0 = Release|Any CPU
		{9AB0B32E-476B-4447-89D1-F8D261EA7979}.Debug|Any CPU.ActiveCfg = Debug|Any CPU
		{9AB0B32E-476B-4447-89D1-F8D261EA7979}.Debug|Any CPU.Build.0 = Debug|Any CPU
		{9AB0B32E-476B-4447-89D1-F8D261EA7979}.Release|Any CPU.ActiveCfg = Release|Any CPU
		{9AB0B32E-476B-4447-89D1-F8D261EA7979}.Release|Any CPU.Build.0 = Release|Any CPU
		{CE8631D6-8C79-4918-9C91-2AB916A279F8}.Debug|Any CPU.ActiveCfg = Debug|Any CPU
		{CE8631D6-8C79-4918-9C91-2AB916A279F8}.Debug|Any CPU.Build.0 = Debug|Any CPU
		{CE8631D6-8C79-4918-9C91-2AB916A279F8}.Release|Any CPU.ActiveCfg = Release|Any CPU
		{CE8631D6-8C79-4918-9C91-2AB916A279F8}.Release|Any CPU.Build.0 = Release|Any CPU
		{B7025022-A6F5-4D81-A86C-7EEDD4EF060A}.Debug|Any CPU.ActiveCfg = Debug|Any CPU
		{B7025022-A6F5-4D81-A86C-7EEDD4EF060A}.Debug|Any CPU.Build.0 = Debug|Any CPU
		{B7025022-A6F5-4D81-A86C-7EEDD4EF060A}.Release|Any CPU.ActiveCfg = Release|Any CPU
		{B7025022-A6F5-4D81-A86C-7EEDD4EF060A}.Release|Any CPU.Build.0 = Release|Any CPU
		{B1E9BC29-790A-4565-94A6-A548D65F7296}.Debug|Any CPU.ActiveCfg = Debug|Any CPU
		{B1E9BC29-790A-4565-94A6-A548D65F7296}.Debug|Any CPU.Build.0 = Debug|Any CPU
		{B1E9BC29-790A-4565-94A6-A548D65F7296}.Release|Any CPU.ActiveCfg = Release|Any CPU
		{B1E9BC29-790A-4565-94A6-A548D65F7296}.Release|Any CPU.Build.0 = Release|Any CPU
		{0262476B-F946-4B19-9340-858B4996E348}.Debug|Any CPU.ActiveCfg = Debug|Any CPU
		{0262476B-F946-4B19-9340-858B4996E348}.Debug|Any CPU.Build.0 = Debug|Any CPU
		{0262476B-F946-4B19-9340-858B4996E348}.Release|Any CPU.ActiveCfg = Release|Any CPU
		{0262476B-F946-4B19-9340-858B4996E348}.Release|Any CPU.Build.0 = Release|Any CPU
		{5ECEB504-A0BE-429D-B913-C6D2056C8BBB}.Debug|Any CPU.ActiveCfg = Debug|Any CPU
		{5ECEB504-A0BE-429D-B913-C6D2056C8BBB}.Debug|Any CPU.Build.0 = Debug|Any CPU
		{5ECEB504-A0BE-429D-B913-C6D2056C8BBB}.Release|Any CPU.ActiveCfg = Release|Any CPU
		{5ECEB504-A0BE-429D-B913-C6D2056C8BBB}.Release|Any CPU.Build.0 = Release|Any CPU
	EndGlobalSection
	GlobalSection(SolutionProperties) = preSolution
		HideSolutionNode = FALSE
	EndGlobalSection
	GlobalSection(ExtensibilityGlobals) = postSolution
		SolutionGuid = {2580C25C-C99F-47BC-9529-56A2AAEFBA71}
	EndGlobalSection
EndGlobal
