
Microsoft Visual Studio Solution File, Format Version 12.00
# Visual Studio Version 16
VisualStudioVersion = 16.0.31025.194
MinimumVisualStudioVersion = 10.0.40219.1
Project("{9A19103F-16F7-4668-BE54-9A1E7A4F7556}") = "ReverseString", "ReverseString\ReverseString.csproj", "{10E34FB2-FB01-413E-9040-900BE02A10EB}"
EndProject
Project("{9A19103F-16F7-4668-BE54-9A1E7A4F7556}") = "SumOfNumbers", "SumOfNumbers\SumOfNumbers.csproj", "{2F181191-258C-4906-BB5C-9447792433A0}"
EndProject
Project("{9A19103F-16F7-4668-BE54-9A1E7A4F7556}") = "MatchingBrackets", "MatchingBrackets\MatchingBrackets.csproj", "{D5304A76-8E10-4188-AD72-8344DA1A3125}"
EndProject
Project("{FAE04EC0-301F-11D3-BF4B-00C04F79EFBC}") = "HotPotato", "HotPotato\HotPotato.csproj", "{E175448A-7990-4FE2-AC4D-81290CB2AF9E}"
EndProject
Project("{FAE04EC0-301F-11D3-BF4B-00C04F79EFBC}") = "TrafficJam", "TrafficJam\TrafficJam.csproj", "{DEB12456-E65F-4135-B406-C4CE9C1ACBBD}"
EndProject
Project("{FAE04EC0-301F-11D3-BF4B-00C04F79EFBC}") = "SimpleCalculator", "SimpleCalculator\SimpleCalculator.csproj", "{9E04CEF9-3C3D-4F11-9B9D-9BA8FC97DDE4}"
EndProject
Project("{FAE04EC0-301F-11D3-BF4B-00C04F79EFBC}") = "PrintEvenNumbers", "PrintEvenNumbers\PrintEvenNumbers.csproj", "{620FD59D-768F-44C3-86A2-C03F9611358E}"
EndProject
Project("{FAE04EC0-301F-11D3-BF4B-00C04F79EFBC}") = "BasicStackOperations", "BasicStackOperations\BasicStackOperations.csproj", "{BAE0455D-BDC2-49DF-B2B2-70314600692D}"
EndProject
Project("{FAE04EC0-301F-11D3-BF4B-00C04F79EFBC}") = "BasicQueueOperations", "BasicQueueOperations\BasicQueueOperations.csproj", "{805811E2-2F3A-468B-BEB3-96025C5BA8DC}"
EndProject
Project("{FAE04EC0-301F-11D3-BF4B-00C04F79EFBC}") = "MaximumAndMinimumElement", "MaximumAndMinimumElement\MaximumAndMinimumElement.csproj", "{BC9C5933-EA17-48E3-A07A-A8695ED4D415}"
EndProject
Project("{FAE04EC0-301F-11D3-BF4B-00C04F79EFBC}") = "FastFood", "FastFood\FastFood.csproj", "{E1DA9427-D66F-46FE-9B3B-6D04CE4260A6}"
EndProject
Project("{FAE04EC0-301F-11D3-BF4B-00C04F79EFBC}") = "FashionBotique", "FashionBotique\FashionBotique.csproj", "{E0392E9D-D20D-4503-B82C-D2205595C321}"
EndProject
Project("{FAE04EC0-301F-11D3-BF4B-00C04F79EFBC}") = "SongsQueue", "SongsQueue\SongsQueue.csproj", "{FB8289B8-5EA5-4F60-8C03-26373C778689}"
EndProject
Project("{FAE04EC0-301F-11D3-BF4B-00C04F79EFBC}") = "TruckTour", "TruckTour\TruckTour.csproj", "{AB462313-3872-4F97-8A16-E45A5C27F516}"
EndProject
Project("{FAE04EC0-301F-11D3-BF4B-00C04F79EFBC}") = "BalancedParenthesis", "BalancedParenthesis\BalancedParenthesis.csproj", "{A3C87656-16EE-4727-8EB6-7784E44C73BE}"
EndProject
Project("{FAE04EC0-301F-11D3-BF4B-00C04F79EFBC}") = "SimpleTextEditor", "SimpleTextEditor\SimpleTextEditor.csproj", "{13860684-CE2F-4EB7-B0D1-9A1A843DCE0C}"
EndProject
Project("{FAE04EC0-301F-11D3-BF4B-00C04F79EFBC}") = "Crossroads", "Crossroads\Crossroads.csproj", "{C684BB1C-0967-484A-BEE6-A3F64ADCCE21}"
EndProject
Project("{FAE04EC0-301F-11D3-BF4B-00C04F79EFBC}") = "KeyRevolver", "KeyRevolver\KeyRevolver.csproj", "{5BF20A0E-1263-4228-B518-9AC90EE7B4F2}"
EndProject
Project("{FAE04EC0-301F-11D3-BF4B-00C04F79EFBC}") = "CupsAndBottles", "CupsAndBottles\CupsAndBottles.csproj", "{8314720D-9668-4DA8-8883-45B1F0E219EF}"
EndProject
Project("{FAE04EC0-301F-11D3-BF4B-00C04F79EFBC}") = "SumMatrixElements", "SumMatrixElements\SumMatrixElements.csproj", "{098CD0E2-51EC-4AE1-AD5A-7C4539BB10D2}"
EndProject
Project("{FAE04EC0-301F-11D3-BF4B-00C04F79EFBC}") = "SumMatrixColumns", "SumMatrixColumns\SumMatrixColumns.csproj", "{CC555637-47D1-4653-A12B-AA5F1906157A}"
EndProject
Project("{FAE04EC0-301F-11D3-BF4B-00C04F79EFBC}") = "PrimaryDiagonal", "PrimaryDiagonal\PrimaryDiagonal.csproj", "{C7DA0376-CCBB-403B-9E93-FF57272F8753}"
EndProject
Project("{FAE04EC0-301F-11D3-BF4B-00C04F79EFBC}") = "SymbolInMatrix", "SymbolInMatrix\SymbolInMatrix.csproj", "{54CA3643-E7E1-4CC3-92B1-FA478F3B8A5C}"
EndProject
Project("{FAE04EC0-301F-11D3-BF4B-00C04F79EFBC}") = "SquareWithMaximumSum", "SquareWithMaximumSum\SquareWithMaximumSum.csproj", "{5ED7678C-33DA-4C91-9B15-187439CAE67C}"
EndProject
Project("{FAE04EC0-301F-11D3-BF4B-00C04F79EFBC}") = "JaggedArrayModification", "JaggedArrayModification\JaggedArrayModification.csproj", "{76399541-B8AB-4D3E-966F-234596344C8D}"
EndProject
Project("{FAE04EC0-301F-11D3-BF4B-00C04F79EFBC}") = "PascalTriangle", "PascalTriangle\PascalTriangle.csproj", "{FE258F3F-EF20-48F1-BE6D-623A39486CAD}"
EndProject
Project("{FAE04EC0-301F-11D3-BF4B-00C04F79EFBC}") = "DiagonalDifference", "DiagonalDifference\DiagonalDifference.csproj", "{60C41ED0-4007-47F2-BE4B-5F41B77D97BA}"
EndProject
Project("{FAE04EC0-301F-11D3-BF4B-00C04F79EFBC}") = "SquaresInMatrix", "SquaresInMatrix\SquaresInMatrix.csproj", "{05E8EB3E-B13B-4C90-8513-F254E15C01ED}"
EndProject
Project("{FAE04EC0-301F-11D3-BF4B-00C04F79EFBC}") = "MaximalSum", "MaximalSum\MaximalSum.csproj", "{66651769-4D78-4C3D-8CCF-1EAA0FED7C63}"
EndProject
Project("{FAE04EC0-301F-11D3-BF4B-00C04F79EFBC}") = "MatrixShuffling", "MatrixShuffling\MatrixShuffling.csproj", "{63C7B6E6-FC38-4E31-B932-6F857CA6995B}"
EndProject
Project("{FAE04EC0-301F-11D3-BF4B-00C04F79EFBC}") = "SnakeMoves", "SnakeMoves\SnakeMoves.csproj", "{EFE7AD2A-DD72-49E0-B740-6D203385EAEA}"
EndProject
Project("{FAE04EC0-301F-11D3-BF4B-00C04F79EFBC}") = "JaggedArrayManipulator", "JaggedArrayManipulator\JaggedArrayManipulator.csproj", "{A9BB254B-1FB3-462E-9B85-E58C72C62CA5}"
EndProject
Project("{FAE04EC0-301F-11D3-BF4B-00C04F79EFBC}") = "KnightGame", "KnightGame\KnightGame.csproj", "{82DDCC1E-061F-4A46-8081-4562643AEC48}"
EndProject
Project("{FAE04EC0-301F-11D3-BF4B-00C04F79EFBC}") = "Bombs", "Bombs\Bombs.csproj", "{85E137DF-4427-4089-AB8A-C790AF9EF950}"
EndProject
Project("{FAE04EC0-301F-11D3-BF4B-00C04F79EFBC}") = "Miner", "Miner\Miner.csproj", "{D2DC5E81-8301-47E9-A768-106C7205CE49}"
EndProject
Project("{FAE04EC0-301F-11D3-BF4B-00C04F79EFBC}") = "CountSameValuesInArray", "CountSameValuesInArray\CountSameValuesInArray.csproj", "{D8B07B61-412B-430E-BAAF-D9C45DB04347}"
EndProject
Project("{FAE04EC0-301F-11D3-BF4B-00C04F79EFBC}") = "AverageStudentGrades", "AverageStudentGrades\AverageStudentGrades.csproj", "{D13B283D-4C1B-4FDA-816D-C938D1C50834}"
EndProject
Project("{FAE04EC0-301F-11D3-BF4B-00C04F79EFBC}") = "Largest3Numbers", "Largest3Numbers\Largest3Numbers.csproj", "{7B4EA7EE-1712-49A8-BF23-A1E6F2B0494A}"
EndProject
Project("{FAE04EC0-301F-11D3-BF4B-00C04F79EFBC}") = "ProductShop", "ProductShop\ProductShop.csproj", "{7F7779BA-3291-47FE-B209-1F481C2392E7}"
EndProject
Project("{FAE04EC0-301F-11D3-BF4B-00C04F79EFBC}") = "CitiesByContinentAndCountry", "CitiesByContinent AndCountry\CitiesByContinentAndCountry.csproj", "{352EA8A5-E852-4700-8174-F10DB5274815}"
EndProject
Project("{FAE04EC0-301F-11D3-BF4B-00C04F79EFBC}") = "RecordUniqueNames", "RecordUniqueNames\RecordUniqueNames.csproj", "{A8372E94-D9B4-4419-8C50-DF00950B3A89}"
EndProject
Project("{FAE04EC0-301F-11D3-BF4B-00C04F79EFBC}") = "ParkingLot", "ParkingLot\ParkingLot.csproj", "{EFEB9DE5-B52F-4224-A18B-312BE2CA9711}"
EndProject
Project("{FAE04EC0-301F-11D3-BF4B-00C04F79EFBC}") = "SoftUniParty", "SoftUniParty\SoftUniParty.csproj", "{DEB07320-1696-42FE-A89F-71E02C9165A0}"
EndProject
Project("{FAE04EC0-301F-11D3-BF4B-00C04F79EFBC}") = "UniqueUsernames", "UniqueUsernames\UniqueUsernames.csproj", "{E6CBE940-6BF9-43F2-B977-9726D2ABF12A}"
EndProject
Project("{FAE04EC0-301F-11D3-BF4B-00C04F79EFBC}") = "SetsOfElements", "SetsOfElements\SetsOfElements.csproj", "{D653C514-B192-4E56-9302-E64F93E940C6}"
EndProject
Project("{FAE04EC0-301F-11D3-BF4B-00C04F79EFBC}") = "PeriodicTable", "PeriodicTable\PeriodicTable.csproj", "{EF5C4EBA-6A20-4AA2-B595-D3BB2300BE3B}"
EndProject
Project("{FAE04EC0-301F-11D3-BF4B-00C04F79EFBC}") = "EvenTimes", "EvenTimes\EvenTimes.csproj", "{1E80D654-3488-4560-BC66-748F5739656D}"
EndProject
Global
	GlobalSection(SolutionConfigurationPlatforms) = preSolution
		Debug|Any CPU = Debug|Any CPU
		Release|Any CPU = Release|Any CPU
	EndGlobalSection
	GlobalSection(ProjectConfigurationPlatforms) = postSolution
		{10E34FB2-FB01-413E-9040-900BE02A10EB}.Debug|Any CPU.ActiveCfg = Debug|Any CPU
		{10E34FB2-FB01-413E-9040-900BE02A10EB}.Debug|Any CPU.Build.0 = Debug|Any CPU
		{10E34FB2-FB01-413E-9040-900BE02A10EB}.Release|Any CPU.ActiveCfg = Release|Any CPU
		{10E34FB2-FB01-413E-9040-900BE02A10EB}.Release|Any CPU.Build.0 = Release|Any CPU
		{2F181191-258C-4906-BB5C-9447792433A0}.Debug|Any CPU.ActiveCfg = Debug|Any CPU
		{2F181191-258C-4906-BB5C-9447792433A0}.Debug|Any CPU.Build.0 = Debug|Any CPU
		{2F181191-258C-4906-BB5C-9447792433A0}.Release|Any CPU.ActiveCfg = Release|Any CPU
		{2F181191-258C-4906-BB5C-9447792433A0}.Release|Any CPU.Build.0 = Release|Any CPU
		{D5304A76-8E10-4188-AD72-8344DA1A3125}.Debug|Any CPU.ActiveCfg = Debug|Any CPU
		{D5304A76-8E10-4188-AD72-8344DA1A3125}.Debug|Any CPU.Build.0 = Debug|Any CPU
		{D5304A76-8E10-4188-AD72-8344DA1A3125}.Release|Any CPU.ActiveCfg = Release|Any CPU
		{D5304A76-8E10-4188-AD72-8344DA1A3125}.Release|Any CPU.Build.0 = Release|Any CPU
		{E175448A-7990-4FE2-AC4D-81290CB2AF9E}.Debug|Any CPU.ActiveCfg = Debug|Any CPU
		{E175448A-7990-4FE2-AC4D-81290CB2AF9E}.Debug|Any CPU.Build.0 = Debug|Any CPU
		{E175448A-7990-4FE2-AC4D-81290CB2AF9E}.Release|Any CPU.ActiveCfg = Release|Any CPU
		{E175448A-7990-4FE2-AC4D-81290CB2AF9E}.Release|Any CPU.Build.0 = Release|Any CPU
		{DEB12456-E65F-4135-B406-C4CE9C1ACBBD}.Debug|Any CPU.ActiveCfg = Debug|Any CPU
		{DEB12456-E65F-4135-B406-C4CE9C1ACBBD}.Debug|Any CPU.Build.0 = Debug|Any CPU
		{DEB12456-E65F-4135-B406-C4CE9C1ACBBD}.Release|Any CPU.ActiveCfg = Release|Any CPU
		{DEB12456-E65F-4135-B406-C4CE9C1ACBBD}.Release|Any CPU.Build.0 = Release|Any CPU
		{9E04CEF9-3C3D-4F11-9B9D-9BA8FC97DDE4}.Debug|Any CPU.ActiveCfg = Debug|Any CPU
		{9E04CEF9-3C3D-4F11-9B9D-9BA8FC97DDE4}.Debug|Any CPU.Build.0 = Debug|Any CPU
		{9E04CEF9-3C3D-4F11-9B9D-9BA8FC97DDE4}.Release|Any CPU.ActiveCfg = Release|Any CPU
		{9E04CEF9-3C3D-4F11-9B9D-9BA8FC97DDE4}.Release|Any CPU.Build.0 = Release|Any CPU
		{620FD59D-768F-44C3-86A2-C03F9611358E}.Debug|Any CPU.ActiveCfg = Debug|Any CPU
		{620FD59D-768F-44C3-86A2-C03F9611358E}.Debug|Any CPU.Build.0 = Debug|Any CPU
		{620FD59D-768F-44C3-86A2-C03F9611358E}.Release|Any CPU.ActiveCfg = Release|Any CPU
		{620FD59D-768F-44C3-86A2-C03F9611358E}.Release|Any CPU.Build.0 = Release|Any CPU
		{BAE0455D-BDC2-49DF-B2B2-70314600692D}.Debug|Any CPU.ActiveCfg = Debug|Any CPU
		{BAE0455D-BDC2-49DF-B2B2-70314600692D}.Debug|Any CPU.Build.0 = Debug|Any CPU
		{BAE0455D-BDC2-49DF-B2B2-70314600692D}.Release|Any CPU.ActiveCfg = Release|Any CPU
		{BAE0455D-BDC2-49DF-B2B2-70314600692D}.Release|Any CPU.Build.0 = Release|Any CPU
		{805811E2-2F3A-468B-BEB3-96025C5BA8DC}.Debug|Any CPU.ActiveCfg = Debug|Any CPU
		{805811E2-2F3A-468B-BEB3-96025C5BA8DC}.Debug|Any CPU.Build.0 = Debug|Any CPU
		{805811E2-2F3A-468B-BEB3-96025C5BA8DC}.Release|Any CPU.ActiveCfg = Release|Any CPU
		{805811E2-2F3A-468B-BEB3-96025C5BA8DC}.Release|Any CPU.Build.0 = Release|Any CPU
		{BC9C5933-EA17-48E3-A07A-A8695ED4D415}.Debug|Any CPU.ActiveCfg = Debug|Any CPU
		{BC9C5933-EA17-48E3-A07A-A8695ED4D415}.Debug|Any CPU.Build.0 = Debug|Any CPU
		{BC9C5933-EA17-48E3-A07A-A8695ED4D415}.Release|Any CPU.ActiveCfg = Release|Any CPU
		{BC9C5933-EA17-48E3-A07A-A8695ED4D415}.Release|Any CPU.Build.0 = Release|Any CPU
		{E1DA9427-D66F-46FE-9B3B-6D04CE4260A6}.Debug|Any CPU.ActiveCfg = Debug|Any CPU
		{E1DA9427-D66F-46FE-9B3B-6D04CE4260A6}.Debug|Any CPU.Build.0 = Debug|Any CPU
		{E1DA9427-D66F-46FE-9B3B-6D04CE4260A6}.Release|Any CPU.ActiveCfg = Release|Any CPU
		{E1DA9427-D66F-46FE-9B3B-6D04CE4260A6}.Release|Any CPU.Build.0 = Release|Any CPU
		{E0392E9D-D20D-4503-B82C-D2205595C321}.Debug|Any CPU.ActiveCfg = Debug|Any CPU
		{E0392E9D-D20D-4503-B82C-D2205595C321}.Debug|Any CPU.Build.0 = Debug|Any CPU
		{E0392E9D-D20D-4503-B82C-D2205595C321}.Release|Any CPU.ActiveCfg = Release|Any CPU
		{E0392E9D-D20D-4503-B82C-D2205595C321}.Release|Any CPU.Build.0 = Release|Any CPU
		{FB8289B8-5EA5-4F60-8C03-26373C778689}.Debug|Any CPU.ActiveCfg = Debug|Any CPU
		{FB8289B8-5EA5-4F60-8C03-26373C778689}.Debug|Any CPU.Build.0 = Debug|Any CPU
		{FB8289B8-5EA5-4F60-8C03-26373C778689}.Release|Any CPU.ActiveCfg = Release|Any CPU
		{FB8289B8-5EA5-4F60-8C03-26373C778689}.Release|Any CPU.Build.0 = Release|Any CPU
		{AB462313-3872-4F97-8A16-E45A5C27F516}.Debug|Any CPU.ActiveCfg = Debug|Any CPU
		{AB462313-3872-4F97-8A16-E45A5C27F516}.Debug|Any CPU.Build.0 = Debug|Any CPU
		{AB462313-3872-4F97-8A16-E45A5C27F516}.Release|Any CPU.ActiveCfg = Release|Any CPU
		{AB462313-3872-4F97-8A16-E45A5C27F516}.Release|Any CPU.Build.0 = Release|Any CPU
		{A3C87656-16EE-4727-8EB6-7784E44C73BE}.Debug|Any CPU.ActiveCfg = Debug|Any CPU
		{A3C87656-16EE-4727-8EB6-7784E44C73BE}.Debug|Any CPU.Build.0 = Debug|Any CPU
		{A3C87656-16EE-4727-8EB6-7784E44C73BE}.Release|Any CPU.ActiveCfg = Release|Any CPU
		{A3C87656-16EE-4727-8EB6-7784E44C73BE}.Release|Any CPU.Build.0 = Release|Any CPU
		{13860684-CE2F-4EB7-B0D1-9A1A843DCE0C}.Debug|Any CPU.ActiveCfg = Debug|Any CPU
		{13860684-CE2F-4EB7-B0D1-9A1A843DCE0C}.Debug|Any CPU.Build.0 = Debug|Any CPU
		{13860684-CE2F-4EB7-B0D1-9A1A843DCE0C}.Release|Any CPU.ActiveCfg = Release|Any CPU
		{13860684-CE2F-4EB7-B0D1-9A1A843DCE0C}.Release|Any CPU.Build.0 = Release|Any CPU
		{C684BB1C-0967-484A-BEE6-A3F64ADCCE21}.Debug|Any CPU.ActiveCfg = Debug|Any CPU
		{C684BB1C-0967-484A-BEE6-A3F64ADCCE21}.Debug|Any CPU.Build.0 = Debug|Any CPU
		{C684BB1C-0967-484A-BEE6-A3F64ADCCE21}.Release|Any CPU.ActiveCfg = Release|Any CPU
		{C684BB1C-0967-484A-BEE6-A3F64ADCCE21}.Release|Any CPU.Build.0 = Release|Any CPU
		{5BF20A0E-1263-4228-B518-9AC90EE7B4F2}.Debug|Any CPU.ActiveCfg = Debug|Any CPU
		{5BF20A0E-1263-4228-B518-9AC90EE7B4F2}.Debug|Any CPU.Build.0 = Debug|Any CPU
		{5BF20A0E-1263-4228-B518-9AC90EE7B4F2}.Release|Any CPU.ActiveCfg = Release|Any CPU
		{5BF20A0E-1263-4228-B518-9AC90EE7B4F2}.Release|Any CPU.Build.0 = Release|Any CPU
		{8314720D-9668-4DA8-8883-45B1F0E219EF}.Debug|Any CPU.ActiveCfg = Debug|Any CPU
		{8314720D-9668-4DA8-8883-45B1F0E219EF}.Debug|Any CPU.Build.0 = Debug|Any CPU
		{8314720D-9668-4DA8-8883-45B1F0E219EF}.Release|Any CPU.ActiveCfg = Release|Any CPU
		{8314720D-9668-4DA8-8883-45B1F0E219EF}.Release|Any CPU.Build.0 = Release|Any CPU
		{098CD0E2-51EC-4AE1-AD5A-7C4539BB10D2}.Debug|Any CPU.ActiveCfg = Debug|Any CPU
		{098CD0E2-51EC-4AE1-AD5A-7C4539BB10D2}.Debug|Any CPU.Build.0 = Debug|Any CPU
		{098CD0E2-51EC-4AE1-AD5A-7C4539BB10D2}.Release|Any CPU.ActiveCfg = Release|Any CPU
		{098CD0E2-51EC-4AE1-AD5A-7C4539BB10D2}.Release|Any CPU.Build.0 = Release|Any CPU
		{CC555637-47D1-4653-A12B-AA5F1906157A}.Debug|Any CPU.ActiveCfg = Debug|Any CPU
		{CC555637-47D1-4653-A12B-AA5F1906157A}.Debug|Any CPU.Build.0 = Debug|Any CPU
		{CC555637-47D1-4653-A12B-AA5F1906157A}.Release|Any CPU.ActiveCfg = Release|Any CPU
		{CC555637-47D1-4653-A12B-AA5F1906157A}.Release|Any CPU.Build.0 = Release|Any CPU
		{C7DA0376-CCBB-403B-9E93-FF57272F8753}.Debug|Any CPU.ActiveCfg = Debug|Any CPU
		{C7DA0376-CCBB-403B-9E93-FF57272F8753}.Debug|Any CPU.Build.0 = Debug|Any CPU
		{C7DA0376-CCBB-403B-9E93-FF57272F8753}.Release|Any CPU.ActiveCfg = Release|Any CPU
		{C7DA0376-CCBB-403B-9E93-FF57272F8753}.Release|Any CPU.Build.0 = Release|Any CPU
		{54CA3643-E7E1-4CC3-92B1-FA478F3B8A5C}.Debug|Any CPU.ActiveCfg = Debug|Any CPU
		{54CA3643-E7E1-4CC3-92B1-FA478F3B8A5C}.Debug|Any CPU.Build.0 = Debug|Any CPU
		{54CA3643-E7E1-4CC3-92B1-FA478F3B8A5C}.Release|Any CPU.ActiveCfg = Release|Any CPU
		{54CA3643-E7E1-4CC3-92B1-FA478F3B8A5C}.Release|Any CPU.Build.0 = Release|Any CPU
		{5ED7678C-33DA-4C91-9B15-187439CAE67C}.Debug|Any CPU.ActiveCfg = Debug|Any CPU
		{5ED7678C-33DA-4C91-9B15-187439CAE67C}.Debug|Any CPU.Build.0 = Debug|Any CPU
		{5ED7678C-33DA-4C91-9B15-187439CAE67C}.Release|Any CPU.ActiveCfg = Release|Any CPU
		{5ED7678C-33DA-4C91-9B15-187439CAE67C}.Release|Any CPU.Build.0 = Release|Any CPU
		{76399541-B8AB-4D3E-966F-234596344C8D}.Debug|Any CPU.ActiveCfg = Debug|Any CPU
		{76399541-B8AB-4D3E-966F-234596344C8D}.Debug|Any CPU.Build.0 = Debug|Any CPU
		{76399541-B8AB-4D3E-966F-234596344C8D}.Release|Any CPU.ActiveCfg = Release|Any CPU
		{76399541-B8AB-4D3E-966F-234596344C8D}.Release|Any CPU.Build.0 = Release|Any CPU
		{FE258F3F-EF20-48F1-BE6D-623A39486CAD}.Debug|Any CPU.ActiveCfg = Debug|Any CPU
		{FE258F3F-EF20-48F1-BE6D-623A39486CAD}.Debug|Any CPU.Build.0 = Debug|Any CPU
		{FE258F3F-EF20-48F1-BE6D-623A39486CAD}.Release|Any CPU.ActiveCfg = Release|Any CPU
		{FE258F3F-EF20-48F1-BE6D-623A39486CAD}.Release|Any CPU.Build.0 = Release|Any CPU
		{60C41ED0-4007-47F2-BE4B-5F41B77D97BA}.Debug|Any CPU.ActiveCfg = Debug|Any CPU
		{60C41ED0-4007-47F2-BE4B-5F41B77D97BA}.Debug|Any CPU.Build.0 = Debug|Any CPU
		{60C41ED0-4007-47F2-BE4B-5F41B77D97BA}.Release|Any CPU.ActiveCfg = Release|Any CPU
		{60C41ED0-4007-47F2-BE4B-5F41B77D97BA}.Release|Any CPU.Build.0 = Release|Any CPU
		{05E8EB3E-B13B-4C90-8513-F254E15C01ED}.Debug|Any CPU.ActiveCfg = Debug|Any CPU
		{05E8EB3E-B13B-4C90-8513-F254E15C01ED}.Debug|Any CPU.Build.0 = Debug|Any CPU
		{05E8EB3E-B13B-4C90-8513-F254E15C01ED}.Release|Any CPU.ActiveCfg = Release|Any CPU
		{05E8EB3E-B13B-4C90-8513-F254E15C01ED}.Release|Any CPU.Build.0 = Release|Any CPU
		{66651769-4D78-4C3D-8CCF-1EAA0FED7C63}.Debug|Any CPU.ActiveCfg = Debug|Any CPU
		{66651769-4D78-4C3D-8CCF-1EAA0FED7C63}.Debug|Any CPU.Build.0 = Debug|Any CPU
		{66651769-4D78-4C3D-8CCF-1EAA0FED7C63}.Release|Any CPU.ActiveCfg = Release|Any CPU
		{66651769-4D78-4C3D-8CCF-1EAA0FED7C63}.Release|Any CPU.Build.0 = Release|Any CPU
		{63C7B6E6-FC38-4E31-B932-6F857CA6995B}.Debug|Any CPU.ActiveCfg = Debug|Any CPU
		{63C7B6E6-FC38-4E31-B932-6F857CA6995B}.Debug|Any CPU.Build.0 = Debug|Any CPU
		{63C7B6E6-FC38-4E31-B932-6F857CA6995B}.Release|Any CPU.ActiveCfg = Release|Any CPU
		{63C7B6E6-FC38-4E31-B932-6F857CA6995B}.Release|Any CPU.Build.0 = Release|Any CPU
		{EFE7AD2A-DD72-49E0-B740-6D203385EAEA}.Debug|Any CPU.ActiveCfg = Debug|Any CPU
		{EFE7AD2A-DD72-49E0-B740-6D203385EAEA}.Debug|Any CPU.Build.0 = Debug|Any CPU
		{EFE7AD2A-DD72-49E0-B740-6D203385EAEA}.Release|Any CPU.ActiveCfg = Release|Any CPU
		{EFE7AD2A-DD72-49E0-B740-6D203385EAEA}.Release|Any CPU.Build.0 = Release|Any CPU
		{A9BB254B-1FB3-462E-9B85-E58C72C62CA5}.Debug|Any CPU.ActiveCfg = Debug|Any CPU
		{A9BB254B-1FB3-462E-9B85-E58C72C62CA5}.Debug|Any CPU.Build.0 = Debug|Any CPU
		{A9BB254B-1FB3-462E-9B85-E58C72C62CA5}.Release|Any CPU.ActiveCfg = Release|Any CPU
		{A9BB254B-1FB3-462E-9B85-E58C72C62CA5}.Release|Any CPU.Build.0 = Release|Any CPU
		{82DDCC1E-061F-4A46-8081-4562643AEC48}.Debug|Any CPU.ActiveCfg = Debug|Any CPU
		{82DDCC1E-061F-4A46-8081-4562643AEC48}.Debug|Any CPU.Build.0 = Debug|Any CPU
		{82DDCC1E-061F-4A46-8081-4562643AEC48}.Release|Any CPU.ActiveCfg = Release|Any CPU
		{82DDCC1E-061F-4A46-8081-4562643AEC48}.Release|Any CPU.Build.0 = Release|Any CPU
		{85E137DF-4427-4089-AB8A-C790AF9EF950}.Debug|Any CPU.ActiveCfg = Debug|Any CPU
		{85E137DF-4427-4089-AB8A-C790AF9EF950}.Debug|Any CPU.Build.0 = Debug|Any CPU
		{85E137DF-4427-4089-AB8A-C790AF9EF950}.Release|Any CPU.ActiveCfg = Release|Any CPU
		{85E137DF-4427-4089-AB8A-C790AF9EF950}.Release|Any CPU.Build.0 = Release|Any CPU
		{D2DC5E81-8301-47E9-A768-106C7205CE49}.Debug|Any CPU.ActiveCfg = Debug|Any CPU
		{D2DC5E81-8301-47E9-A768-106C7205CE49}.Debug|Any CPU.Build.0 = Debug|Any CPU
		{D2DC5E81-8301-47E9-A768-106C7205CE49}.Release|Any CPU.ActiveCfg = Release|Any CPU
		{D2DC5E81-8301-47E9-A768-106C7205CE49}.Release|Any CPU.Build.0 = Release|Any CPU
		{D8B07B61-412B-430E-BAAF-D9C45DB04347}.Debug|Any CPU.ActiveCfg = Debug|Any CPU
		{D8B07B61-412B-430E-BAAF-D9C45DB04347}.Debug|Any CPU.Build.0 = Debug|Any CPU
		{D8B07B61-412B-430E-BAAF-D9C45DB04347}.Release|Any CPU.ActiveCfg = Release|Any CPU
		{D8B07B61-412B-430E-BAAF-D9C45DB04347}.Release|Any CPU.Build.0 = Release|Any CPU
		{D13B283D-4C1B-4FDA-816D-C938D1C50834}.Debug|Any CPU.ActiveCfg = Debug|Any CPU
		{D13B283D-4C1B-4FDA-816D-C938D1C50834}.Debug|Any CPU.Build.0 = Debug|Any CPU
		{D13B283D-4C1B-4FDA-816D-C938D1C50834}.Release|Any CPU.ActiveCfg = Release|Any CPU
		{D13B283D-4C1B-4FDA-816D-C938D1C50834}.Release|Any CPU.Build.0 = Release|Any CPU
		{7B4EA7EE-1712-49A8-BF23-A1E6F2B0494A}.Debug|Any CPU.ActiveCfg = Debug|Any CPU
		{7B4EA7EE-1712-49A8-BF23-A1E6F2B0494A}.Debug|Any CPU.Build.0 = Debug|Any CPU
		{7B4EA7EE-1712-49A8-BF23-A1E6F2B0494A}.Release|Any CPU.ActiveCfg = Release|Any CPU
		{7B4EA7EE-1712-49A8-BF23-A1E6F2B0494A}.Release|Any CPU.Build.0 = Release|Any CPU
		{7F7779BA-3291-47FE-B209-1F481C2392E7}.Debug|Any CPU.ActiveCfg = Debug|Any CPU
		{7F7779BA-3291-47FE-B209-1F481C2392E7}.Debug|Any CPU.Build.0 = Debug|Any CPU
		{7F7779BA-3291-47FE-B209-1F481C2392E7}.Release|Any CPU.ActiveCfg = Release|Any CPU
		{7F7779BA-3291-47FE-B209-1F481C2392E7}.Release|Any CPU.Build.0 = Release|Any CPU
		{352EA8A5-E852-4700-8174-F10DB5274815}.Debug|Any CPU.ActiveCfg = Debug|Any CPU
		{352EA8A5-E852-4700-8174-F10DB5274815}.Debug|Any CPU.Build.0 = Debug|Any CPU
		{352EA8A5-E852-4700-8174-F10DB5274815}.Release|Any CPU.ActiveCfg = Release|Any CPU
		{352EA8A5-E852-4700-8174-F10DB5274815}.Release|Any CPU.Build.0 = Release|Any CPU
		{A8372E94-D9B4-4419-8C50-DF00950B3A89}.Debug|Any CPU.ActiveCfg = Debug|Any CPU
		{A8372E94-D9B4-4419-8C50-DF00950B3A89}.Debug|Any CPU.Build.0 = Debug|Any CPU
		{A8372E94-D9B4-4419-8C50-DF00950B3A89}.Release|Any CPU.ActiveCfg = Release|Any CPU
		{A8372E94-D9B4-4419-8C50-DF00950B3A89}.Release|Any CPU.Build.0 = Release|Any CPU
		{EFEB9DE5-B52F-4224-A18B-312BE2CA9711}.Debug|Any CPU.ActiveCfg = Debug|Any CPU
		{EFEB9DE5-B52F-4224-A18B-312BE2CA9711}.Debug|Any CPU.Build.0 = Debug|Any CPU
		{EFEB9DE5-B52F-4224-A18B-312BE2CA9711}.Release|Any CPU.ActiveCfg = Release|Any CPU
		{EFEB9DE5-B52F-4224-A18B-312BE2CA9711}.Release|Any CPU.Build.0 = Release|Any CPU
		{DEB07320-1696-42FE-A89F-71E02C9165A0}.Debug|Any CPU.ActiveCfg = Debug|Any CPU
		{DEB07320-1696-42FE-A89F-71E02C9165A0}.Debug|Any CPU.Build.0 = Debug|Any CPU
		{DEB07320-1696-42FE-A89F-71E02C9165A0}.Release|Any CPU.ActiveCfg = Release|Any CPU
		{DEB07320-1696-42FE-A89F-71E02C9165A0}.Release|Any CPU.Build.0 = Release|Any CPU
		{E6CBE940-6BF9-43F2-B977-9726D2ABF12A}.Debug|Any CPU.ActiveCfg = Debug|Any CPU
		{E6CBE940-6BF9-43F2-B977-9726D2ABF12A}.Debug|Any CPU.Build.0 = Debug|Any CPU
		{E6CBE940-6BF9-43F2-B977-9726D2ABF12A}.Release|Any CPU.ActiveCfg = Release|Any CPU
		{E6CBE940-6BF9-43F2-B977-9726D2ABF12A}.Release|Any CPU.Build.0 = Release|Any CPU
		{D653C514-B192-4E56-9302-E64F93E940C6}.Debug|Any CPU.ActiveCfg = Debug|Any CPU
		{D653C514-B192-4E56-9302-E64F93E940C6}.Debug|Any CPU.Build.0 = Debug|Any CPU
		{D653C514-B192-4E56-9302-E64F93E940C6}.Release|Any CPU.ActiveCfg = Release|Any CPU
		{D653C514-B192-4E56-9302-E64F93E940C6}.Release|Any CPU.Build.0 = Release|Any CPU
		{EF5C4EBA-6A20-4AA2-B595-D3BB2300BE3B}.Debug|Any CPU.ActiveCfg = Debug|Any CPU
		{EF5C4EBA-6A20-4AA2-B595-D3BB2300BE3B}.Debug|Any CPU.Build.0 = Debug|Any CPU
		{EF5C4EBA-6A20-4AA2-B595-D3BB2300BE3B}.Release|Any CPU.ActiveCfg = Release|Any CPU
		{EF5C4EBA-6A20-4AA2-B595-D3BB2300BE3B}.Release|Any CPU.Build.0 = Release|Any CPU
		{1E80D654-3488-4560-BC66-748F5739656D}.Debug|Any CPU.ActiveCfg = Debug|Any CPU
		{1E80D654-3488-4560-BC66-748F5739656D}.Debug|Any CPU.Build.0 = Debug|Any CPU
		{1E80D654-3488-4560-BC66-748F5739656D}.Release|Any CPU.ActiveCfg = Release|Any CPU
		{1E80D654-3488-4560-BC66-748F5739656D}.Release|Any CPU.Build.0 = Release|Any CPU
	EndGlobalSection
	GlobalSection(SolutionProperties) = preSolution
		HideSolutionNode = FALSE
	EndGlobalSection
	GlobalSection(ExtensibilityGlobals) = postSolution
		SolutionGuid = {2580C25C-C99F-47BC-9529-56A2AAEFBA71}
	EndGlobalSection
EndGlobal
