
Microsoft Visual Studio Solution File, Format Version 12.00
# Visual Studio Version 16
VisualStudioVersion = 16.0.31025.194
MinimumVisualStudioVersion = 10.0.40219.1
Project("{FAE04EC0-301F-11D3-BF4B-00C04F79EFBC}") = "ReverseString", "ReverseString\ReverseString.csproj", "{10E34FB2-FB01-413E-9040-900BE02A10EB}"
EndProject
Project("{FAE04EC0-301F-11D3-BF4B-00C04F79EFBC}") = "SumOfNumbers", "SumOfNumbers\SumOfNumbers.csproj", "{2F181191-258C-4906-BB5C-9447792433A0}"
EndProject
Project("{FAE04EC0-301F-11D3-BF4B-00C04F79EFBC}") = "MatchingBrackets", "MatchingBrackets\MatchingBrackets.csproj", "{D5304A76-8E10-4188-AD72-8344DA1A3125}"
EndProject
Global
	GlobalSection(SolutionConfigurationPlatforms) = preSolution
		Debug|Any CPU = Debug|Any CPU
		Release|Any CPU = Release|Any CPU
	EndGlobalSection
	GlobalSection(ProjectConfigurationPlatforms) = postSolution
		{10E34FB2-FB01-413E-9040-900BE02A10EB}.Debug|Any CPU.ActiveCfg = Debug|Any CPU
		{10E34FB2-FB01-413E-9040-900BE02A10EB}.Debug|Any CPU.Build.0 = Debug|Any CPU
		{10E34FB2-FB01-413E-9040-900BE02A10EB}.Release|Any CPU.ActiveCfg = Release|Any CPU
		{10E34FB2-FB01-413E-9040-900BE02A10EB}.Release|Any CPU.Build.0 = Release|Any CPU
		{2F181191-258C-4906-BB5C-9447792433A0}.Debug|Any CPU.ActiveCfg = Debug|Any CPU
		{2F181191-258C-4906-BB5C-9447792433A0}.Debug|Any CPU.Build.0 = Debug|Any CPU
		{2F181191-258C-4906-BB5C-9447792433A0}.Release|Any CPU.ActiveCfg = Release|Any CPU
		{2F181191-258C-4906-BB5C-9447792433A0}.Release|Any CPU.Build.0 = Release|Any CPU
		{D5304A76-8E10-4188-AD72-8344DA1A3125}.Debug|Any CPU.ActiveCfg = Debug|Any CPU
		{D5304A76-8E10-4188-AD72-8344DA1A3125}.Debug|Any CPU.Build.0 = Debug|Any CPU
		{D5304A76-8E10-4188-AD72-8344DA1A3125}.Release|Any CPU.ActiveCfg = Release|Any CPU
		{D5304A76-8E10-4188-AD72-8344DA1A3125}.Release|Any CPU.Build.0 = Release|Any CPU
	EndGlobalSection
	GlobalSection(SolutionProperties) = preSolution
		HideSolutionNode = FALSE
	EndGlobalSection
	GlobalSection(ExtensibilityGlobals) = postSolution
		SolutionGuid = {2580C25C-C99F-47BC-9529-56A2AAEFBA71}
	EndGlobalSection
EndGlobal
